github.com/issue9/assert v1.4.0 h1:/hLHZOr6koZn6fM8feB2fSVl8RZ4o629hSdCeARWNWg=
github.com/issue9/assert v1.4.0/go.mod h1:Yktk83hAVl1SPSYtd9kjhBizuiBIqUQyj+D5SE2yjVY=
github.com/issue9/sliceutil v0.5.0 h1:17O5o8e3/7iI/QkmWz6KRjUsJJ4xuo6viIbKt4nUJvg=
github.com/issue9/sliceutil v0.5.0/go.mod h1:71sjJIhUr1jjSpDfLB702gkxe5ClGtMz+qofUdmh9DI=
golang.org/x/sys v0.0.0-20200831180312-196b9ba8737a h1:i47hUS795cOydZI4AwJQCKXOr4BvxzvikwDoDtHhP2Y=
golang.org/x/sys v0.0.0-20200831180312-196b9ba8737a/go.mod h1:h1NjWce9XRLGQEsW7wpKNCjG9DtNlClVuFLEZdDNbEs=
