github.com/issue9/assert v1.3.4 h1:m9O+Nmi0ejRsLaTfQa349WTQtryQYHynBn6DFv6+sNY=
github.com/issue9/assert v1.3.4/go.mod h1:9Ger+iz8X7r1zMYYwEhh++2wMGWcNN2oVI+zIQXxcio=
golang.org/x/sys v0.0.0-20200523222454-059865788121 h1:rITEj+UZHYC927n8GT97eC3zrpzXdb/voyeOuVKS46o=
golang.org/x/sys v0.0.0-20200523222454-059865788121/go.mod h1:h1NjWce9XRLGQEsW7wpKNCjG9DtNlClVuFLEZdDNbEs=
